// !$*UTF8*$!
{
	archiveVersion = 1;
	classes = {
	};
	objectVersion = 46;
	objects = {

/* Begin PBXBuildFile section */
		31C1582E1B53CF5300DD259B /* AppDelegate.swift in Sources */ = {isa = PBXBuildFile; fileRef = 31C1582D1B53CF5300DD259B /* AppDelegate.swift */; };
		31C158301B53CF5300DD259B /* ViewController.swift in Sources */ = {isa = PBXBuildFile; fileRef = 31C1582F1B53CF5300DD259B /* ViewController.swift */; };
		31C158331B53CF5300DD259B /* Main.storyboard in Resources */ = {isa = PBXBuildFile; fileRef = 31C158311B53CF5300DD259B /* Main.storyboard */; };
		31C158351B53CF5300DD259B /* Images.xcassets in Resources */ = {isa = PBXBuildFile; fileRef = 31C158341B53CF5300DD259B /* Images.xcassets */; };
		31C158381B53CF5300DD259B /* LaunchScreen.xib in Resources */ = {isa = PBXBuildFile; fileRef = 31C158361B53CF5300DD259B /* LaunchScreen.xib */; };
		31C158441B53CF5300DD259B /* TextFieldTests.swift in Sources */ = {isa = PBXBuildFile; fileRef = 31C158431B53CF5300DD259B /* TextFieldTests.swift */; };
		31C1584E1B540A7600DD259B /* ConstantPlaceholderTextField.swift in Sources */ = {isa = PBXBuildFile; fileRef = 31C1584D1B540A7600DD259B /* ConstantPlaceholderTextField.swift */; };
/* End PBXBuildFile section */

/* Begin PBXContainerItemProxy section */
		31C1583E1B53CF5300DD259B /* PBXContainerItemProxy */ = {
			isa = PBXContainerItemProxy;
			containerPortal = 31C158201B53CF5300DD259B /* Project object */;
			proxyType = 1;
			remoteGlobalIDString = 31C158271B53CF5300DD259B;
			remoteInfo = TextField;
		};
/* End PBXContainerItemProxy section */

/* Begin PBXFileReference section */
		31C158281B53CF5300DD259B /* TextField.app */ = {isa = PBXFileReference; explicitFileType = wrapper.application; includeInIndex = 0; path = TextField.app; sourceTree = BUILT_PRODUCTS_DIR; };
		31C1582C1B53CF5300DD259B /* Info.plist */ = {isa = PBXFileReference; lastKnownFileType = text.plist.xml; path = Info.plist; sourceTree = "<group>"; };
		31C1582D1B53CF5300DD259B /* AppDelegate.swift */ = {isa = PBXFileReference; lastKnownFileType = sourcecode.swift; path = AppDelegate.swift; sourceTree = "<group>"; };
		31C1582F1B53CF5300DD259B /* ViewController.swift */ = {isa = PBXFileReference; lastKnownFileType = sourcecode.swift; path = ViewController.swift; sourceTree = "<group>"; };
		31C158321B53CF5300DD259B /* Base */ = {isa = PBXFileReference; lastKnownFileType = file.storyboard; name = Base; path = Base.lproj/Main.storyboard; sourceTree = "<group>"; };
		31C158341B53CF5300DD259B /* Images.xcassets */ = {isa = PBXFileReference; lastKnownFileType = folder.assetcatalog; path = Images.xcassets; sourceTree = "<group>"; };
		31C158371B53CF5300DD259B /* Base */ = {isa = PBXFileReference; lastKnownFileType = file.xib; name = Base; path = Base.lproj/LaunchScreen.xib; sourceTree = "<group>"; };
		31C1583D1B53CF5300DD259B /* TextFieldTests.xctest */ = {isa = PBXFileReference; explicitFileType = wrapper.cfbundle; includeInIndex = 0; path = TextFieldTests.xctest; sourceTree = BUILT_PRODUCTS_DIR; };
		31C158421B53CF5300DD259B /* Info.plist */ = {isa = PBXFileReference; lastKnownFileType = text.plist.xml; path = Info.plist; sourceTree = "<group>"; };
		31C158431B53CF5300DD259B /* TextFieldTests.swift */ = {isa = PBXFileReference; lastKnownFileType = sourcecode.swift; path = TextFieldTests.swift; sourceTree = "<group>"; };
		31C1584D1B540A7600DD259B /* ConstantPlaceholderTextField.swift */ = {isa = PBXFileReference; fileEncoding = 4; lastKnownFileType = sourcecode.swift; path = ConstantPlaceholderTextField.swift; sourceTree = "<group>"; };
/* End PBXFileReference section */

/* Begin PBXFrameworksBuildPhase section */
		31C158251B53CF5300DD259B /* Frameworks */ = {
			isa = PBXFrameworksBuildPhase;
			buildActionMask = 2147483647;
			files = (
			);
			runOnlyForDeploymentPostprocessing = 0;
		};
		31C1583A1B53CF5300DD259B /* Frameworks */ = {
			isa = PBXFrameworksBuildPhase;
			buildActionMask = 2147483647;
			files = (
			);
			runOnlyForDeploymentPostprocessing = 0;
		};
/* End PBXFrameworksBuildPhase section */

/* Begin PBXGroup section */
		31C1581F1B53CF5300DD259B = {
			isa = PBXGroup;
			children = (
				31C1582A1B53CF5300DD259B /* TextField */,
				31C158401B53CF5300DD259B /* TextFieldTests */,
				31C158291B53CF5300DD259B /* Products */,
			);
			sourceTree = "<group>";
		};
		31C158291B53CF5300DD259B /* Products */ = {
			isa = PBXGroup;
			children = (
				31C158281B53CF5300DD259B /* TextField.app */,
				31C1583D1B53CF5300DD259B /* TextFieldTests.xctest */,
			);
			name = Products;
			sourceTree = "<group>";
		};
		31C1582A1B53CF5300DD259B /* TextField */ = {
			isa = PBXGroup;
			children = (
				31C1582D1B53CF5300DD259B /* AppDelegate.swift */,
				31C1582F1B53CF5300DD259B /* ViewController.swift */,
				31C1584D1B540A7600DD259B /* ConstantPlaceholderTextField.swift */,
				31C158311B53CF5300DD259B /* Main.storyboard */,
				31C158341B53CF5300DD259B /* Images.xcassets */,
				31C158361B53CF5300DD259B /* LaunchScreen.xib */,
				31C1582B1B53CF5300DD259B /* Supporting Files */,
			);
			path = TextField;
			sourceTree = "<group>";
		};
		31C1582B1B53CF5300DD259B /* Supporting Files */ = {
			isa = PBXGroup;
			children = (
				31C1582C1B53CF5300DD259B /* Info.plist */,
			);
			name = "Supporting Files";
			sourceTree = "<group>";
		};
		31C158401B53CF5300DD259B /* TextFieldTests */ = {
			isa = PBXGroup;
			children = (
				31C158431B53CF5300DD259B /* TextFieldTests.swift */,
				31C158411B53CF5300DD259B /* Supporting Files */,
			);
			path = TextFieldTests;
			sourceTree = "<group>";
		};
		31C158411B53CF5300DD259B /* Supporting Files */ = {
			isa = PBXGroup;
			children = (
				31C158421B53CF5300DD259B /* Info.plist */,
			);
			name = "Supporting Files";
			sourceTree = "<group>";
		};
/* End PBXGroup section */

/* Begin PBXNativeTarget section */
		31C158271B53CF5300DD259B /* TextField */ = {
			isa = PBXNativeTarget;
			buildConfigurationList = 31C158471B53CF5300DD259B /* Build configuration list for PBXNativeTarget "TextField" */;
			buildPhases = (
				31C158241B53CF5300DD259B /* Sources */,
				31C158251B53CF5300DD259B /* Frameworks */,
				31C158261B53CF5300DD259B /* Resources */,
			);
			buildRules = (
			);
			dependencies = (
			);
			name = TextField;
			productName = TextField;
			productReference = 31C158281B53CF5300DD259B /* TextField.app */;
			productType = "com.apple.product-type.application";
		};
		31C1583C1B53CF5300DD259B /* TextFieldTests */ = {
			isa = PBXNativeTarget;
			buildConfigurationList = 31C1584A1B53CF5300DD259B /* Build configuration list for PBXNativeTarget "TextFieldTests" */;
			buildPhases = (
				31C158391B53CF5300DD259B /* Sources */,
				31C1583A1B53CF5300DD259B /* Frameworks */,
				31C1583B1B53CF5300DD259B /* Resources */,
			);
			buildRules = (
			);
			dependencies = (
				31C1583F1B53CF5300DD259B /* PBXTargetDependency */,
			);
			name = TextFieldTests;
			productName = TextFieldTests;
			productReference = 31C1583D1B53CF5300DD259B /* TextFieldTests.xctest */;
			productType = "com.apple.product-type.bundle.unit-test";
		};
/* End PBXNativeTarget section */

/* Begin PBXProject section */
		31C158201B53CF5300DD259B /* Project object */ = {
			isa = PBXProject;
			attributes = {
				LastUpgradeCheck = 0640;
				ORGANIZATIONNAME = "Gunay Mert Karadogan";
				TargetAttributes = {
					31C158271B53CF5300DD259B = {
						CreatedOnToolsVersion = 6.4;
					};
					31C1583C1B53CF5300DD259B = {
						CreatedOnToolsVersion = 6.4;
						TestTargetID = 31C158271B53CF5300DD259B;
					};
				};
			};
			buildConfigurationList = 31C158231B53CF5300DD259B /* Build configuration list for PBXProject "TextField" */;
			compatibilityVersion = "Xcode 3.2";
			developmentRegion = English;
			hasScannedForEncodings = 0;
			knownRegions = (
				en,
				Base,
			);
			mainGroup = 31C1581F1B53CF5300DD259B;
			productRefGroup = 31C158291B53CF5300DD259B /* Products */;
			projectDirPath = "";
			projectRoot = "";
			targets = (
				31C158271B53CF5300DD259B /* TextField */,
				31C1583C1B53CF5300DD259B /* TextFieldTests */,
			);
		};
/* End PBXProject section */

/* Begin PBXResourcesBuildPhase section */
		31C158261B53CF5300DD259B /* Resources */ = {
			isa = PBXResourcesBuildPhase;
			buildActionMask = 2147483647;
			files = (
				31C158331B53CF5300DD259B /* Main.storyboard in Resources */,
				31C158381B53CF5300DD259B /* LaunchScreen.xib in Resources */,
				31C158351B53CF5300DD259B /* Images.xcassets in Resources */,
			);
			runOnlyForDeploymentPostprocessing = 0;
		};
		31C1583B1B53CF5300DD259B /* Resources */ = {
			isa = PBXResourcesBuildPhase;
			buildActionMask = 2147483647;
			files = (
			);
			runOnlyForDeploymentPostprocessing = 0;
		};
/* End PBXResourcesBuildPhase section */

/* Begin PBXSourcesBuildPhase section */
		31C158241B53CF5300DD259B /* Sources */ = {
			isa = PBXSourcesBuildPhase;
			buildActionMask = 2147483647;
			files = (
				31C1584E1B540A7600DD259B /* ConstantPlaceholderTextField.swift in Sources */,
				31C158301B53CF5300DD259B /* ViewController.swift in Sources */,
				31C1582E1B53CF5300DD259B /* AppDelegate.swift in Sources */,
			);
			runOnlyForDeploymentPostprocessing = 0;
		};
		31C158391B53CF5300DD259B /* Sources */ = {
			isa = PBXSourcesBuildPhase;
			buildActionMask = 2147483647;
			files = (
				31C158441B53CF5300DD259B /* TextFieldTests.swift in Sources */,
			);
			runOnlyForDeploymentPostprocessing = 0;
		};
/* End PBXSourcesBuildPhase section */

/* Begin PBXTargetDependency section */
		31C1583F1B53CF5300DD259B /* PBXTargetDependency */ = {
			isa = PBXTargetDependency;
			target = 31C158271B53CF5300DD259B /* TextField */;
			targetProxy = 31C1583E1B53CF5300DD259B /* PBXContainerItemProxy */;
		};
/* End PBXTargetDependency section */

/* Begin PBXVariantGroup section */
		31C158311B53CF5300DD259B /* Main.storyboard */ = {
			isa = PBXVariantGroup;
			children = (
				31C158321B53CF5300DD259B /* Base */,
			);
			name = Main.storyboard;
			sourceTree = "<group>";
		};
		31C158361B53CF5300DD259B /* LaunchScreen.xib */ = {
			isa = PBXVariantGroup;
			children = (
				31C158371B53CF5300DD259B /* Base */,
			);
			name = LaunchScreen.xib;
			sourceTree = "<group>";
		};
/* End PBXVariantGroup section */

/* Begin XCBuildConfiguration section */
		31C158451B53CF5300DD259B /* Debug */ = {
			isa = XCBuildConfiguration;
			buildSettings = {
				ALWAYS_SEARCH_USER_PATHS = NO;
				CLANG_CXX_LANGUAGE_STANDARD = "gnu++0x";
				CLANG_CXX_LIBRARY = "libc++";
				CLANG_ENABLE_MODULES = YES;
				CLANG_ENABLE_OBJC_ARC = YES;
				CLANG_WARN_BOOL_CONVERSION = YES;
				CLANG_WARN_CONSTANT_CONVERSION = YES;
				CLANG_WARN_DIRECT_OBJC_ISA_USAGE = YES_ERROR;
				CLANG_WARN_EMPTY_BODY = YES;
				CLANG_WARN_ENUM_CONVERSION = YES;
				CLANG_WARN_INT_CONVERSION = YES;
				CLANG_WARN_OBJC_ROOT_CLASS = YES_ERROR;
				CLANG_WARN_UNREACHABLE_CODE = YES;
				CLANG_WARN__DUPLICATE_METHOD_MATCH = YES;
				"CODE_SIGN_IDENTITY[sdk=iphoneos*]" = "iPhone Developer";
				COPY_PHASE_STRIP = NO;
				DEBUG_INFORMATION_FORMAT = "dwarf-with-dsym";
				ENABLE_STRICT_OBJC_MSGSEND = YES;
				GCC_C_LANGUAGE_STANDARD = gnu99;
				GCC_DYNAMIC_NO_PIC = NO;
				GCC_NO_COMMON_BLOCKS = YES;
				GCC_OPTIMIZATION_LEVEL = 0;
				GCC_PREPROCESSOR_DEFINITIONS = (
					"DEBUG=1",
					"$(inherited)",
				);
				GCC_SYMBOLS_PRIVATE_EXTERN = NO;
				GCC_WARN_64_TO_32_BIT_CONVERSION = YES;
				GCC_WARN_ABOUT_RETURN_TYPE = YES_ERROR;
				GCC_WARN_UNDECLARED_SELECTOR = YES;
				GCC_WARN_UNINITIALIZED_AUTOS = YES_AGGRESSIVE;
				GCC_WARN_UNUSED_FUNCTION = YES;
				GCC_WARN_UNUSED_VARIABLE = YES;
				IPHONEOS_DEPLOYMENT_TARGET = 8.4;
				MTL_ENABLE_DEBUG_INFO = YES;
				ONLY_ACTIVE_ARCH = YES;
				SDKROOT = iphoneos;
				SWIFT_OPTIMIZATION_LEVEL = "-Onone";
			};
			name = Debug;
		};
		31C158461B53CF5300DD259B /* Release */ = {
			isa = XCBuildConfiguration;
			buildSettings = {
				ALWAYS_SEARCH_USER_PATHS = NO;
				CLANG_CXX_LANGUAGE_STANDARD = "gnu++0x";
				CLANG_CXX_LIBRARY = "libc++";
				CLANG_ENABLE_MODULES = YES;
				CLANG_ENABLE_OBJC_ARC = YES;
				CLANG_WARN_BOOL_CONVERSION = YES;
				CLANG_WARN_CONSTANT_CONVERSION = YES;
				CLANG_WARN_DIRECT_OBJC_ISA_USAGE = YES_ERROR;
				CLANG_WARN_EMPTY_BODY = YES;
				CLANG_WARN_ENUM_CONVERSION = YES;
				CLANG_WARN_INT_CONVERSION = YES;
				CLANG_WARN_OBJC_ROOT_CLASS = YES_ERROR;
				CLANG_WARN_UNREACHABLE_CODE = YES;
				CLANG_WARN__DUPLICATE_METHOD_MATCH = YES;
				"CODE_SIGN_IDENTITY[sdk=iphoneos*]" = "iPhone Developer";
				COPY_PHASE_STRIP = NO;
				DEBUG_INFORMATION_FORMAT = "dwarf-with-dsym";
				ENABLE_NS_ASSERTIONS = NO;
				ENABLE_STRICT_OBJC_MSGSEND = YES;
				GCC_C_LANGUAGE_STANDARD = gnu99;
				GCC_NO_COMMON_BLOCKS = YES;
				GCC_WARN_64_TO_32_BIT_CONVERSION = YES;
				GCC_WARN_ABOUT_RETURN_TYPE = YES_ERROR;
				GCC_WARN_UNDECLARED_SELECTOR = YES;
				GCC_WARN_UNINITIALIZED_AUTOS = YES_AGGRESSIVE;
				GCC_WARN_UNUSED_FUNCTION = YES;
				GCC_WARN_UNUSED_VARIABLE = YES;
				IPHONEOS_DEPLOYMENT_TARGET = 8.4;
				MTL_ENABLE_DEBUG_INFO = NO;
				SDKROOT = iphoneos;
				VALIDATE_PRODUCT = YES;
			};
			name = Release;
		};
		31C158481B53CF5300DD259B /* Debug */ = {
			isa = XCBuildConfiguration;
			buildSettings = {
				ASSETCATALOG_COMPILER_APPICON_NAME = AppIcon;
				CLANG_ENABLE_MODULES = YES;
				INFOPLIST_FILE = TextField/Info.plist;
				LD_RUNPATH_SEARCH_PATHS = "$(inherited) @executable_path/Frameworks";
				PRODUCT_NAME = "$(TARGET_NAME)";
				SWIFT_OPTIMIZATION_LEVEL = "-Onone";
			};
			name = Debug;
		};
		31C158491B53CF5300DD259B /* Release */ = {
			isa = XCBuildConfiguration;
			buildSettings = {
				ASSETCATALOG_COMPILER_APPICON_NAME = AppIcon;
				CLANG_ENABLE_MODULES = YES;
				INFOPLIST_FILE = TextField/Info.plist;
				LD_RUNPATH_SEARCH_PATHS = "$(inherited) @executable_path/Frameworks";
				PRODUCT_NAME = "$(TARGET_NAME)";
			};
			name = Release;
		};
		31C1584B1B53CF5300DD259B /* Debug */ = {
			isa = XCBuildConfiguration;
			buildSettings = {
				BUNDLE_LOADER = "$(TEST_HOST)";
				FRAMEWORK_SEARCH_PATHS = (
					"$(SDKROOT)/Developer/Library/Frameworks",
					"$(inherited)",
				);
				GCC_PREPROCESSOR_DEFINITIONS = (
					"DEBUG=1",
					"$(inherited)",
				);
				INFOPLIST_FILE = TextFieldTests/Info.plist;
				LD_RUNPATH_SEARCH_PATHS = "$(inherited) @executable_path/Frameworks @loader_path/Frameworks";
				PRODUCT_NAME = "$(TARGET_NAME)";
				TEST_HOST = "$(BUILT_PRODUCTS_DIR)/TextField.app/TextField";
			};
			name = Debug;
		};
		31C1584C1B53CF5300DD259B /* Release */ = {
			isa = XCBuildConfiguration;
			buildSettings = {
				BUNDLE_LOADER = "$(TEST_HOST)";
				FRAMEWORK_SEARCH_PATHS = (
					"$(SDKROOT)/Developer/Library/Frameworks",
					"$(inherited)",
				);
				INFOPLIST_FILE = TextFieldTests/Info.plist;
				LD_RUNPATH_SEARCH_PATHS = "$(inherited) @executable_path/Frameworks @loader_path/Frameworks";
				PRODUCT_NAME = "$(TARGET_NAME)";
				TEST_HOST = "$(BUILT_PRODUCTS_DIR)/TextField.app/TextField";
			};
			name = Release;
		};
/* End XCBuildConfiguration section */

/* Begin XCConfigurationList section */
		31C158231B53CF5300DD259B /* Build configuration list for PBXProject "TextField" */ = {
			isa = XCConfigurationList;
			buildConfigurations = (
				31C158451B53CF5300DD259B /* Debug */,
				31C158461B53CF5300DD259B /* Release */,
			);
			defaultConfigurationIsVisible = 0;
			defaultConfigurationName = Release;
		};
		31C158471B53CF5300DD259B /* Build configuration list for PBXNativeTarget "TextField" */ = {
			isa = XCConfigurationList;
			buildConfigurations = (
				31C158481B53CF5300DD259B /* Debug */,
				31C158491B53CF5300DD259B /* Release */,
			);
			defaultConfigurationIsVisible = 0;
		};
		31C1584A1B53CF5300DD259B /* Build configuration list for PBXNativeTarget "TextFieldTests" */ = {
			isa = XCConfigurationList;
			buildConfigurations = (
				31C1584B1B53CF5300DD259B /* Debug */,
				31C1584C1B53CF5300DD259B /* Release */,
			);
			defaultConfigurationIsVisible = 0;
		};
/* End XCConfigurationList section */
	};
	rootObject = 31C158201B53CF5300DD259B /* Project object */;
}
