// !$*UTF8*$!
{
	archiveVersion = 1;
	classes = {
	};
	objectVersion = 46;
	objects = {

/* Begin PBXBuildFile section */
		31C158C11B555A4400DD259B /* AppDelegate.swift in Sources */ = {isa = PBXBuildFile; fileRef = 31C158C01B555A4400DD259B /* AppDelegate.swift */; };
		31C158C31B555A4400DD259B /* ViewController.swift in Sources */ = {isa = PBXBuildFile; fileRef = 31C158C21B555A4400DD259B /* ViewController.swift */; };
		31C158C61B555A4400DD259B /* Main.storyboard in Resources */ = {isa = PBXBuildFile; fileRef = 31C158C41B555A4400DD259B /* Main.storyboard */; };
		31C158C81B555A4400DD259B /* Images.xcassets in Resources */ = {isa = PBXBuildFile; fileRef = 31C158C71B555A4400DD259B /* Images.xcassets */; };
		31C158CB1B555A4400DD259B /* LaunchScreen.xib in Resources */ = {isa = PBXBuildFile; fileRef = 31C158C91B555A4400DD259B /* LaunchScreen.xib */; };
		31C158D71B555A4400DD259B /* ParkedTextFieldExampleTests.swift in Sources */ = {isa = PBXBuildFile; fileRef = 31C158D61B555A4400DD259B /* ParkedTextFieldExampleTests.swift */; };
		31C158E51B555E0300DD259B /* ParkedTextField.swift in Sources */ = {isa = PBXBuildFile; fileRef = 31C158E41B555E0300DD259B /* ParkedTextField.swift */; };
/* End PBXBuildFile section */

/* Begin PBXContainerItemProxy section */
		31C158D11B555A4400DD259B /* PBXContainerItemProxy */ = {
			isa = PBXContainerItemProxy;
			containerPortal = 31C158B31B555A4400DD259B /* Project object */;
			proxyType = 1;
			remoteGlobalIDString = 31C158BA1B555A4400DD259B;
			remoteInfo = ParkedTextFieldExample;
		};
/* End PBXContainerItemProxy section */

/* Begin PBXFileReference section */
		31C158BB1B555A4400DD259B /* ParkedTextFieldExample.app */ = {isa = PBXFileReference; explicitFileType = wrapper.application; includeInIndex = 0; path = ParkedTextFieldExample.app; sourceTree = BUILT_PRODUCTS_DIR; };
		31C158BF1B555A4400DD259B /* Info.plist */ = {isa = PBXFileReference; lastKnownFileType = text.plist.xml; path = Info.plist; sourceTree = "<group>"; };
		31C158C01B555A4400DD259B /* AppDelegate.swift */ = {isa = PBXFileReference; lastKnownFileType = sourcecode.swift; path = AppDelegate.swift; sourceTree = "<group>"; };
		31C158C21B555A4400DD259B /* ViewController.swift */ = {isa = PBXFileReference; lastKnownFileType = sourcecode.swift; path = ViewController.swift; sourceTree = "<group>"; };
		31C158C51B555A4400DD259B /* Base */ = {isa = PBXFileReference; lastKnownFileType = file.storyboard; name = Base; path = Base.lproj/Main.storyboard; sourceTree = "<group>"; };
		31C158C71B555A4400DD259B /* Images.xcassets */ = {isa = PBXFileReference; lastKnownFileType = folder.assetcatalog; path = Images.xcassets; sourceTree = "<group>"; };
		31C158CA1B555A4400DD259B /* Base */ = {isa = PBXFileReference; lastKnownFileType = file.xib; name = Base; path = Base.lproj/LaunchScreen.xib; sourceTree = "<group>"; };
		31C158D01B555A4400DD259B /* ParkedTextFieldExampleTests.xctest */ = {isa = PBXFileReference; explicitFileType = wrapper.cfbundle; includeInIndex = 0; path = ParkedTextFieldExampleTests.xctest; sourceTree = BUILT_PRODUCTS_DIR; };
		31C158D51B555A4400DD259B /* Info.plist */ = {isa = PBXFileReference; lastKnownFileType = text.plist.xml; path = Info.plist; sourceTree = "<group>"; };
		31C158D61B555A4400DD259B /* ParkedTextFieldExampleTests.swift */ = {isa = PBXFileReference; lastKnownFileType = sourcecode.swift; path = ParkedTextFieldExampleTests.swift; sourceTree = "<group>"; };
		31C158E41B555E0300DD259B /* ParkedTextField.swift */ = {isa = PBXFileReference; fileEncoding = 4; lastKnownFileType = sourcecode.swift; path = ParkedTextField.swift; sourceTree = "<group>"; };
/* End PBXFileReference section */

/* Begin PBXFrameworksBuildPhase section */
		31C158B81B555A4400DD259B /* Frameworks */ = {
			isa = PBXFrameworksBuildPhase;
			buildActionMask = 2147483647;
			files = (
			);
			runOnlyForDeploymentPostprocessing = 0;
		};
		31C158CD1B555A4400DD259B /* Frameworks */ = {
			isa = PBXFrameworksBuildPhase;
			buildActionMask = 2147483647;
			files = (
			);
			runOnlyForDeploymentPostprocessing = 0;
		};
/* End PBXFrameworksBuildPhase section */

/* Begin PBXGroup section */
		31C158B21B555A4400DD259B = {
			isa = PBXGroup;
			children = (
				31C158E31B555E0300DD259B /* ParkedTextField */,
				31C158BD1B555A4400DD259B /* ParkedTextFieldExample */,
				31C158D31B555A4400DD259B /* ParkedTextFieldExampleTests */,
				31C158BC1B555A4400DD259B /* Products */,
			);
			sourceTree = "<group>";
		};
		31C158BC1B555A4400DD259B /* Products */ = {
			isa = PBXGroup;
			children = (
				31C158BB1B555A4400DD259B /* ParkedTextFieldExample.app */,
				31C158D01B555A4400DD259B /* ParkedTextFieldExampleTests.xctest */,
			);
			name = Products;
			sourceTree = "<group>";
		};
		31C158BD1B555A4400DD259B /* ParkedTextFieldExample */ = {
			isa = PBXGroup;
			children = (
				31C158C01B555A4400DD259B /* AppDelegate.swift */,
				31C158C21B555A4400DD259B /* ViewController.swift */,
				31C158C41B555A4400DD259B /* Main.storyboard */,
				31C158C71B555A4400DD259B /* Images.xcassets */,
				31C158C91B555A4400DD259B /* LaunchScreen.xib */,
				31C158BE1B555A4400DD259B /* Supporting Files */,
			);
			path = ParkedTextFieldExample;
			sourceTree = "<group>";
		};
		31C158BE1B555A4400DD259B /* Supporting Files */ = {
			isa = PBXGroup;
			children = (
				31C158BF1B555A4400DD259B /* Info.plist */,
			);
			name = "Supporting Files";
			sourceTree = "<group>";
		};
		31C158D31B555A4400DD259B /* ParkedTextFieldExampleTests */ = {
			isa = PBXGroup;
			children = (
				31C158D61B555A4400DD259B /* ParkedTextFieldExampleTests.swift */,
				31C158D41B555A4400DD259B /* Supporting Files */,
			);
			path = ParkedTextFieldExampleTests;
			sourceTree = "<group>";
		};
		31C158D41B555A4400DD259B /* Supporting Files */ = {
			isa = PBXGroup;
			children = (
				31C158D51B555A4400DD259B /* Info.plist */,
			);
			name = "Supporting Files";
			sourceTree = "<group>";
		};
		31C158E31B555E0300DD259B /* ParkedTextField */ = {
			isa = PBXGroup;
			children = (
				31C158E41B555E0300DD259B /* ParkedTextField.swift */,
			);
			name = ParkedTextField;
			path = ../ParkedTextField;
			sourceTree = "<group>";
		};
/* End PBXGroup section */

/* Begin PBXNativeTarget section */
		31C158BA1B555A4400DD259B /* ParkedTextFieldExample */ = {
			isa = PBXNativeTarget;
			buildConfigurationList = 31C158DA1B555A4400DD259B /* Build configuration list for PBXNativeTarget "ParkedTextFieldExample" */;
			buildPhases = (
				31C158B71B555A4400DD259B /* Sources */,
				31C158B81B555A4400DD259B /* Frameworks */,
				31C158B91B555A4400DD259B /* Resources */,
			);
			buildRules = (
			);
			dependencies = (
			);
			name = ParkedTextFieldExample;
			productName = ParkedTextFieldExample;
			productReference = 31C158BB1B555A4400DD259B /* ParkedTextFieldExample.app */;
			productType = "com.apple.product-type.application";
		};
		31C158CF1B555A4400DD259B /* ParkedTextFieldExampleTests */ = {
			isa = PBXNativeTarget;
			buildConfigurationList = 31C158DD1B555A4400DD259B /* Build configuration list for PBXNativeTarget "ParkedTextFieldExampleTests" */;
			buildPhases = (
				31C158CC1B555A4400DD259B /* Sources */,
				31C158CD1B555A4400DD259B /* Frameworks */,
				31C158CE1B555A4400DD259B /* Resources */,
			);
			buildRules = (
			);
			dependencies = (
				31C158D21B555A4400DD259B /* PBXTargetDependency */,
			);
			name = ParkedTextFieldExampleTests;
			productName = ParkedTextFieldExampleTests;
			productReference = 31C158D01B555A4400DD259B /* ParkedTextFieldExampleTests.xctest */;
			productType = "com.apple.product-type.bundle.unit-test";
		};
/* End PBXNativeTarget section */

/* Begin PBXProject section */
		31C158B31B555A4400DD259B /* Project object */ = {
			isa = PBXProject;
			attributes = {
				LastSwiftMigration = 0700;
				LastSwiftUpdateCheck = 0700;
				LastUpgradeCheck = 0640;
				ORGANIZATIONNAME = "Gunay Mert Karadogan";
				TargetAttributes = {
					31C158BA1B555A4400DD259B = {
						CreatedOnToolsVersion = 6.4;
					};
					31C158CF1B555A4400DD259B = {
						CreatedOnToolsVersion = 6.4;
						TestTargetID = 31C158BA1B555A4400DD259B;
					};
				};
			};
			buildConfigurationList = 31C158B61B555A4400DD259B /* Build configuration list for PBXProject "ParkedTextFieldExample" */;
			compatibilityVersion = "Xcode 3.2";
			developmentRegion = English;
			hasScannedForEncodings = 0;
			knownRegions = (
				en,
				Base,
			);
			mainGroup = 31C158B21B555A4400DD259B;
			productRefGroup = 31C158BC1B555A4400DD259B /* Products */;
			projectDirPath = "";
			projectRoot = "";
			targets = (
				31C158BA1B555A4400DD259B /* ParkedTextFieldExample */,
				31C158CF1B555A4400DD259B /* ParkedTextFieldExampleTests */,
			);
		};
/* End PBXProject section */

/* Begin PBXResourcesBuildPhase section */
		31C158B91B555A4400DD259B /* Resources */ = {
			isa = PBXResourcesBuildPhase;
			buildActionMask = 2147483647;
			files = (
				31C158C61B555A4400DD259B /* Main.storyboard in Resources */,
				31C158CB1B555A4400DD259B /* LaunchScreen.xib in Resources */,
				31C158C81B555A4400DD259B /* Images.xcassets in Resources */,
			);
			runOnlyForDeploymentPostprocessing = 0;
		};
		31C158CE1B555A4400DD259B /* Resources */ = {
			isa = PBXResourcesBuildPhase;
			buildActionMask = 2147483647;
			files = (
			);
			runOnlyForDeploymentPostprocessing = 0;
		};
/* End PBXResourcesBuildPhase section */

/* Begin PBXSourcesBuildPhase section */
		31C158B71B555A4400DD259B /* Sources */ = {
			isa = PBXSourcesBuildPhase;
			buildActionMask = 2147483647;
			files = (
				31C158C31B555A4400DD259B /* ViewController.swift in Sources */,
				31C158C11B555A4400DD259B /* AppDelegate.swift in Sources */,
				31C158E51B555E0300DD259B /* ParkedTextField.swift in Sources */,
			);
			runOnlyForDeploymentPostprocessing = 0;
		};
		31C158CC1B555A4400DD259B /* Sources */ = {
			isa = PBXSourcesBuildPhase;
			buildActionMask = 2147483647;
			files = (
				31C158D71B555A4400DD259B /* ParkedTextFieldExampleTests.swift in Sources */,
			);
			runOnlyForDeploymentPostprocessing = 0;
		};
/* End PBXSourcesBuildPhase section */

/* Begin PBXTargetDependency section */
		31C158D21B555A4400DD259B /* PBXTargetDependency */ = {
			isa = PBXTargetDependency;
			target = 31C158BA1B555A4400DD259B /* ParkedTextFieldExample */;
			targetProxy = 31C158D11B555A4400DD259B /* PBXContainerItemProxy */;
		};
/* End PBXTargetDependency section */

/* Begin PBXVariantGroup section */
		31C158C41B555A4400DD259B /* Main.storyboard */ = {
			isa = PBXVariantGroup;
			children = (
				31C158C51B555A4400DD259B /* Base */,
			);
			name = Main.storyboard;
			sourceTree = "<group>";
		};
		31C158C91B555A4400DD259B /* LaunchScreen.xib */ = {
			isa = PBXVariantGroup;
			children = (
				31C158CA1B555A4400DD259B /* Base */,
			);
			name = LaunchScreen.xib;
			sourceTree = "<group>";
		};
/* End PBXVariantGroup section */

/* Begin XCBuildConfiguration section */
		31C158D81B555A4400DD259B /* Debug */ = {
			isa = XCBuildConfiguration;
			buildSettings = {
				ALWAYS_SEARCH_USER_PATHS = NO;
				CLANG_CXX_LANGUAGE_STANDARD = "gnu++0x";
				CLANG_CXX_LIBRARY = "libc++";
				CLANG_ENABLE_MODULES = YES;
				CLANG_ENABLE_OBJC_ARC = YES;
				CLANG_WARN_BOOL_CONVERSION = YES;
				CLANG_WARN_CONSTANT_CONVERSION = YES;
				CLANG_WARN_DIRECT_OBJC_ISA_USAGE = YES_ERROR;
				CLANG_WARN_EMPTY_BODY = YES;
				CLANG_WARN_ENUM_CONVERSION = YES;
				CLANG_WARN_INT_CONVERSION = YES;
				CLANG_WARN_OBJC_ROOT_CLASS = YES_ERROR;
				CLANG_WARN_UNREACHABLE_CODE = YES;
				CLANG_WARN__DUPLICATE_METHOD_MATCH = YES;
				"CODE_SIGN_IDENTITY[sdk=iphoneos*]" = "iPhone Developer";
				COPY_PHASE_STRIP = NO;
				DEBUG_INFORMATION_FORMAT = "dwarf-with-dsym";
				ENABLE_STRICT_OBJC_MSGSEND = YES;
				GCC_C_LANGUAGE_STANDARD = gnu99;
				GCC_DYNAMIC_NO_PIC = NO;
				GCC_NO_COMMON_BLOCKS = YES;
				GCC_OPTIMIZATION_LEVEL = 0;
				GCC_PREPROCESSOR_DEFINITIONS = (
					"DEBUG=1",
					"$(inherited)",
				);
				GCC_SYMBOLS_PRIVATE_EXTERN = NO;
				GCC_WARN_64_TO_32_BIT_CONVERSION = YES;
				GCC_WARN_ABOUT_RETURN_TYPE = YES_ERROR;
				GCC_WARN_UNDECLARED_SELECTOR = YES;
				GCC_WARN_UNINITIALIZED_AUTOS = YES_AGGRESSIVE;
				GCC_WARN_UNUSED_FUNCTION = YES;
				GCC_WARN_UNUSED_VARIABLE = YES;
				IPHONEOS_DEPLOYMENT_TARGET = 8.4;
				MTL_ENABLE_DEBUG_INFO = YES;
				ONLY_ACTIVE_ARCH = YES;
				SDKROOT = iphoneos;
				SWIFT_OPTIMIZATION_LEVEL = "-Onone";
			};
			name = Debug;
		};
		31C158D91B555A4400DD259B /* Release */ = {
			isa = XCBuildConfiguration;
			buildSettings = {
				ALWAYS_SEARCH_USER_PATHS = NO;
				CLANG_CXX_LANGUAGE_STANDARD = "gnu++0x";
				CLANG_CXX_LIBRARY = "libc++";
				CLANG_ENABLE_MODULES = YES;
				CLANG_ENABLE_OBJC_ARC = YES;
				CLANG_WARN_BOOL_CONVERSION = YES;
				CLANG_WARN_CONSTANT_CONVERSION = YES;
				CLANG_WARN_DIRECT_OBJC_ISA_USAGE = YES_ERROR;
				CLANG_WARN_EMPTY_BODY = YES;
				CLANG_WARN_ENUM_CONVERSION = YES;
				CLANG_WARN_INT_CONVERSION = YES;
				CLANG_WARN_OBJC_ROOT_CLASS = YES_ERROR;
				CLANG_WARN_UNREACHABLE_CODE = YES;
				CLANG_WARN__DUPLICATE_METHOD_MATCH = YES;
				"CODE_SIGN_IDENTITY[sdk=iphoneos*]" = "iPhone Developer";
				COPY_PHASE_STRIP = NO;
				DEBUG_INFORMATION_FORMAT = "dwarf-with-dsym";
				ENABLE_NS_ASSERTIONS = NO;
				ENABLE_STRICT_OBJC_MSGSEND = YES;
				GCC_C_LANGUAGE_STANDARD = gnu99;
				GCC_NO_COMMON_BLOCKS = YES;
				GCC_WARN_64_TO_32_BIT_CONVERSION = YES;
				GCC_WARN_ABOUT_RETURN_TYPE = YES_ERROR;
				GCC_WARN_UNDECLARED_SELECTOR = YES;
				GCC_WARN_UNINITIALIZED_AUTOS = YES_AGGRESSIVE;
				GCC_WARN_UNUSED_FUNCTION = YES;
				GCC_WARN_UNUSED_VARIABLE = YES;
				IPHONEOS_DEPLOYMENT_TARGET = 8.4;
				MTL_ENABLE_DEBUG_INFO = NO;
				SDKROOT = iphoneos;
				VALIDATE_PRODUCT = YES;
			};
			name = Release;
		};
		31C158DB1B555A4400DD259B /* Debug */ = {
			isa = XCBuildConfiguration;
			buildSettings = {
				ASSETCATALOG_COMPILER_APPICON_NAME = AppIcon;
				INFOPLIST_FILE = ParkedTextFieldExample/Info.plist;
				LD_RUNPATH_SEARCH_PATHS = "$(inherited) @executable_path/Frameworks";
				PRODUCT_NAME = "$(TARGET_NAME)";
			};
			name = Debug;
		};
		31C158DC1B555A4400DD259B /* Release */ = {
			isa = XCBuildConfiguration;
			buildSettings = {
				ASSETCATALOG_COMPILER_APPICON_NAME = AppIcon;
				INFOPLIST_FILE = ParkedTextFieldExample/Info.plist;
				LD_RUNPATH_SEARCH_PATHS = "$(inherited) @executable_path/Frameworks";
				PRODUCT_NAME = "$(TARGET_NAME)";
			};
			name = Release;
		};
		31C158DE1B555A4400DD259B /* Debug */ = {
			isa = XCBuildConfiguration;
			buildSettings = {
				BUNDLE_LOADER = "$(TEST_HOST)";
				FRAMEWORK_SEARCH_PATHS = (
					"$(SDKROOT)/Developer/Library/Frameworks",
					"$(inherited)",
				);
				GCC_PREPROCESSOR_DEFINITIONS = (
					"DEBUG=1",
					"$(inherited)",
				);
				INFOPLIST_FILE = ParkedTextFieldExampleTests/Info.plist;
				LD_RUNPATH_SEARCH_PATHS = "$(inherited) @executable_path/Frameworks @loader_path/Frameworks";
				PRODUCT_NAME = "$(TARGET_NAME)";
				TEST_HOST = "$(BUILT_PRODUCTS_DIR)/ParkedTextFieldExample.app/ParkedTextFieldExample";
			};
			name = Debug;
		};
		31C158DF1B555A4400DD259B /* Release */ = {
			isa = XCBuildConfiguration;
			buildSettings = {
				BUNDLE_LOADER = "$(TEST_HOST)";
				FRAMEWORK_SEARCH_PATHS = (
					"$(SDKROOT)/Developer/Library/Frameworks",
					"$(inherited)",
				);
				INFOPLIST_FILE = ParkedTextFieldExampleTests/Info.plist;
				LD_RUNPATH_SEARCH_PATHS = "$(inherited) @executable_path/Frameworks @loader_path/Frameworks";
				PRODUCT_NAME = "$(TARGET_NAME)";
				TEST_HOST = "$(BUILT_PRODUCTS_DIR)/ParkedTextFieldExample.app/ParkedTextFieldExample";
			};
			name = Release;
		};
/* End XCBuildConfiguration section */

/* Begin XCConfigurationList section */
		31C158B61B555A4400DD259B /* Build configuration list for PBXProject "ParkedTextFieldExample" */ = {
			isa = XCConfigurationList;
			buildConfigurations = (
				31C158D81B555A4400DD259B /* Debug */,
				31C158D91B555A4400DD259B /* Release */,
			);
			defaultConfigurationIsVisible = 0;
			defaultConfigurationName = Release;
		};
		31C158DA1B555A4400DD259B /* Build configuration list for PBXNativeTarget "ParkedTextFieldExample" */ = {
			isa = XCConfigurationList;
			buildConfigurations = (
				31C158DB1B555A4400DD259B /* Debug */,
				31C158DC1B555A4400DD259B /* Release */,
			);
			defaultConfigurationIsVisible = 0;
			defaultConfigurationName = Release;
		};
		31C158DD1B555A4400DD259B /* Build configuration list for PBXNativeTarget "ParkedTextFieldExampleTests" */ = {
			isa = XCConfigurationList;
			buildConfigurations = (
				31C158DE1B555A4400DD259B /* Debug */,
				31C158DF1B555A4400DD259B /* Release */,
			);
			defaultConfigurationIsVisible = 0;
			defaultConfigurationName = Release;
		};
/* End XCConfigurationList section */
	};
	rootObject = 31C158B31B555A4400DD259B /* Project object */;
}
